
Microsoft Visual Studio Solution File, Format Version 11.00
# Visual Studio 2010
Project("{FAE04EC0-301F-11D3-BF4B-00C04F79EFBC}") = "IFIS_PageObject", "IFIS_PageObject\IFIS_PageObject.csproj", "{B3316C93-5340-479C-8684-B58EABC0AF25}"
EndProject
Project("{FAE04EC0-301F-11D3-BF4B-00C04F79EFBC}") = "IFIS_Tests", "IFIS_Tests\IFIS_Tests.csproj", "{6A4D00E4-58D9-47C5-8B9C-04B121169CD6}"
EndProject
Project("{2150E333-8FDC-42A3-9474-1A3956D46DE8}") = "Solution Items", "Solution Items", "{AB2F01EC-C2FF-4E92-B20C-B729CF2B65A2}"
	ProjectSection(SolutionItems) = preProject
		IFIS_Automation.vsmdi = IFIS_Automation.vsmdi
		Local.testsettings = Local.testsettings
		TraceAndTestImpact.testsettings = TraceAndTestImpact.testsettings
	EndProjectSection
EndProject
Global
	GlobalSection(TestCaseManagementSettings) = postSolution
		CategoryFile = IFIS_Automation.vsmdi
	EndGlobalSection
	GlobalSection(SolutionConfigurationPlatforms) = preSolution
		Debug|Any CPU = Debug|Any CPU
		Release|Any CPU = Release|Any CPU
	EndGlobalSection
	GlobalSection(ProjectConfigurationPlatforms) = postSolution
		{B3316C93-5340-479C-8684-B58EABC0AF25}.Debug|Any CPU.ActiveCfg = Debug|Any CPU
		{B3316C93-5340-479C-8684-B58EABC0AF25}.Debug|Any CPU.Build.0 = Debug|Any CPU
		{B3316C93-5340-479C-8684-B58EABC0AF25}.Release|Any CPU.ActiveCfg = Release|Any CPU
		{B3316C93-5340-479C-8684-B58EABC0AF25}.Release|Any CPU.Build.0 = Release|Any CPU
		{6A4D00E4-58D9-47C5-8B9C-04B121169CD6}.Debug|Any CPU.ActiveCfg = Debug|Any CPU
		{6A4D00E4-58D9-47C5-8B9C-04B121169CD6}.Debug|Any CPU.Build.0 = Debug|Any CPU
		{6A4D00E4-58D9-47C5-8B9C-04B121169CD6}.Release|Any CPU.ActiveCfg = Release|Any CPU
		{6A4D00E4-58D9-47C5-8B9C-04B121169CD6}.Release|Any CPU.Build.0 = Release|Any CPU
	EndGlobalSection
	GlobalSection(SolutionProperties) = preSolution
		HideSolutionNode = FALSE
	EndGlobalSection
EndGlobal
